
Microsoft Visual Studio Solution File, Format Version 12.00
# Visual Studio Version 16
VisualStudioVersion = 16.0.28803.452
MinimumVisualStudioVersion = 10.0.40219.1
Project("{FAE04EC0-301F-11D3-BF4B-00C04F79EFBC}") = "SYNC(WF)", "SYNC(WF)\SYNC(WF).csproj", "{6F07A31E-A331-434A-A431-CF3B5F7B2333}"
EndProject
Global
	GlobalSection(SolutionConfigurationPlatforms) = preSolution
		Debug|Any CPU = Debug|Any CPU
		Release|Any CPU = Release|Any CPU
	EndGlobalSection
	GlobalSection(ProjectConfigurationPlatforms) = postSolution
		{6F07A31E-A331-434A-A431-CF3B5F7B2333}.Debug|Any CPU.ActiveCfg = Debug|Any CPU
		{6F07A31E-A331-434A-A431-CF3B5F7B2333}.Debug|Any CPU.Build.0 = Debug|Any CPU
		{6F07A31E-A331-434A-A431-CF3B5F7B2333}.Release|Any CPU.ActiveCfg = Release|Any CPU
		{6F07A31E-A331-434A-A431-CF3B5F7B2333}.Release|Any CPU.Build.0 = Release|Any CPU
	EndGlobalSection
	GlobalSection(SolutionProperties) = preSolution
		HideSolutionNode = FALSE
	EndGlobalSection
	GlobalSection(ExtensibilityGlobals) = postSolution
		SolutionGuid = {F41E5FE5-20D3-44F7-808A-7992D1E9A64D}
	EndGlobalSection
EndGlobal
